
Microsoft Visual Studio Solution File, Format Version 12.00
# Visual Studio Version 17
VisualStudioVersion = 17.4.33213.308
MinimumVisualStudioVersion = 10.0.40219.1
Project("{2150E333-8FDC-42A3-9474-1A3956D46DE8}") = "Api", "Api", "{9E984F4D-C7EA-481D-AADA-8A4CB6B980F1}"
EndProject
Project("{2150E333-8FDC-42A3-9474-1A3956D46DE8}") = "Sync", "Sync", "{6B10CC3E-588B-42E8-BA72-2B703D63811B}"
EndProject
Project("{2150E333-8FDC-42A3-9474-1A3956D46DE8}") = "Core", "Core", "{1246002E-AC16-4D11-9E89-9429675DC178}"
EndProject
Project("{2150E333-8FDC-42A3-9474-1A3956D46DE8}") = "Infrastructure", "Infrastructure", "{27E30875-97E1-48B6-91AB-397F80F760AC}"
EndProject
Project("{2150E333-8FDC-42A3-9474-1A3956D46DE8}") = "Presentation", "Presentation", "{6E2BC050-410E-45E6-AD0D-1F9C93A9786A}"
EndProject
Project("{FAE04EC0-301F-11D3-BF4B-00C04F79EFBC}") = "Api.Core.Domain", "src\Api.Core.Domain\Api.Core.Domain.csproj", "{03EE70B3-C79F-4BA9-A5D9-E6206BEC7D72}"
EndProject
Project("{FAE04EC0-301F-11D3-BF4B-00C04F79EFBC}") = "Api.Core.Application", "src\Api.Core.Application\Api.Core.Application.csproj", "{4DD5869B-95D7-4F6F-A79E-E79F6AD8847D}"
EndProject
Project("{FAE04EC0-301F-11D3-BF4B-00C04F79EFBC}") = "Api.Infrastructure", "src\Api.Infrastructure\Api.Infrastructure.csproj", "{F8C0B796-E628-4DE7-8A54-E0B0E64297FB}"
EndProject
Project("{FAE04EC0-301F-11D3-BF4B-00C04F79EFBC}") = "Api.Presentation.WebApi", "src\Api.Presentation.WebApi\Api.Presentation.WebApi.csproj", "{4E0A89C8-1C81-493B-86A9-8F78C01C2A3D}"
EndProject
Project("{2150E333-8FDC-42A3-9474-1A3956D46DE8}") = "Presentation", "Presentation", "{F9291605-C0CE-4441-8967-2015EA4FA107}"
EndProject
Project("{FAE04EC0-301F-11D3-BF4B-00C04F79EFBC}") = "Api.Sync.Presentation.WorkerService", "src\Api.Sync.Presentation.WorkerService\Api.Sync.Presentation.WorkerService.csproj", "{09B2D68F-4E1A-4859-89E3-75B3BB75C037}"
EndProject
Project("{2150E333-8FDC-42A3-9474-1A3956D46DE8}") = "Core", "Core", "{66C4164D-F74D-439C-8A59-BA990090B40E}"
EndProject
Project("{FAE04EC0-301F-11D3-BF4B-00C04F79EFBC}") = "Api.Sync.Core.Application", "src\Api.Sync.Core.Application\Api.Sync.Core.Application.csproj", "{85C3C22A-4C61-4EBD-A219-5608E7C36848}"
EndProject
Project("{2150E333-8FDC-42A3-9474-1A3956D46DE8}") = "Infrastructure", "Infrastructure", "{2B2E6CE3-D467-4F6A-B19B-03BCD11B0652}"
EndProject
Project("{FAE04EC0-301F-11D3-BF4B-00C04F79EFBC}") = "Api.Sync.Infrastructure", "src\Api.Sync.Infrastructure\Api.Sync.Infrastructure.csproj", "{3F6CF734-F5C2-451C-A32A-08A7E8CD9466}"
EndProject
Global
	GlobalSection(SolutionConfigurationPlatforms) = preSolution
		Debug|Any CPU = Debug|Any CPU
		Release|Any CPU = Release|Any CPU
	EndGlobalSection
	GlobalSection(ProjectConfigurationPlatforms) = postSolution
		{03EE70B3-C79F-4BA9-A5D9-E6206BEC7D72}.Debug|Any CPU.ActiveCfg = Debug|Any CPU
		{03EE70B3-C79F-4BA9-A5D9-E6206BEC7D72}.Debug|Any CPU.Build.0 = Debug|Any CPU
		{03EE70B3-C79F-4BA9-A5D9-E6206BEC7D72}.Release|Any CPU.ActiveCfg = Release|Any CPU
		{03EE70B3-C79F-4BA9-A5D9-E6206BEC7D72}.Release|Any CPU.Build.0 = Release|Any CPU
		{4DD5869B-95D7-4F6F-A79E-E79F6AD8847D}.Debug|Any CPU.ActiveCfg = Debug|Any CPU
		{4DD5869B-95D7-4F6F-A79E-E79F6AD8847D}.Debug|Any CPU.Build.0 = Debug|Any CPU
		{4DD5869B-95D7-4F6F-A79E-E79F6AD8847D}.Release|Any CPU.ActiveCfg = Release|Any CPU
		{4DD5869B-95D7-4F6F-A79E-E79F6AD8847D}.Release|Any CPU.Build.0 = Release|Any CPU
		{F8C0B796-E628-4DE7-8A54-E0B0E64297FB}.Debug|Any CPU.ActiveCfg = Debug|Any CPU
		{F8C0B796-E628-4DE7-8A54-E0B0E64297FB}.Debug|Any CPU.Build.0 = Debug|Any CPU
		{F8C0B796-E628-4DE7-8A54-E0B0E64297FB}.Release|Any CPU.ActiveCfg = Release|Any CPU
		{F8C0B796-E628-4DE7-8A54-E0B0E64297FB}.Release|Any CPU.Build.0 = Release|Any CPU
		{4E0A89C8-1C81-493B-86A9-8F78C01C2A3D}.Debug|Any CPU.ActiveCfg = Debug|Any CPU
		{4E0A89C8-1C81-493B-86A9-8F78C01C2A3D}.Debug|Any CPU.Build.0 = Debug|Any CPU
		{4E0A89C8-1C81-493B-86A9-8F78C01C2A3D}.Release|Any CPU.ActiveCfg = Release|Any CPU
		{4E0A89C8-1C81-493B-86A9-8F78C01C2A3D}.Release|Any CPU.Build.0 = Release|Any CPU
		{09B2D68F-4E1A-4859-89E3-75B3BB75C037}.Debug|Any CPU.ActiveCfg = Debug|Any CPU
		{09B2D68F-4E1A-4859-89E3-75B3BB75C037}.Debug|Any CPU.Build.0 = Debug|Any CPU
		{09B2D68F-4E1A-4859-89E3-75B3BB75C037}.Release|Any CPU.ActiveCfg = Release|Any CPU
		{09B2D68F-4E1A-4859-89E3-75B3BB75C037}.Release|Any CPU.Build.0 = Release|Any CPU
		{85C3C22A-4C61-4EBD-A219-5608E7C36848}.Debug|Any CPU.ActiveCfg = Debug|Any CPU
		{85C3C22A-4C61-4EBD-A219-5608E7C36848}.Debug|Any CPU.Build.0 = Debug|Any CPU
		{85C3C22A-4C61-4EBD-A219-5608E7C36848}.Release|Any CPU.ActiveCfg = Release|Any CPU
		{85C3C22A-4C61-4EBD-A219-5608E7C36848}.Release|Any CPU.Build.0 = Release|Any CPU
		{3F6CF734-F5C2-451C-A32A-08A7E8CD9466}.Debug|Any CPU.ActiveCfg = Debug|Any CPU
		{3F6CF734-F5C2-451C-A32A-08A7E8CD9466}.Debug|Any CPU.Build.0 = Debug|Any CPU
		{3F6CF734-F5C2-451C-A32A-08A7E8CD9466}.Release|Any CPU.ActiveCfg = Release|Any CPU
		{3F6CF734-F5C2-451C-A32A-08A7E8CD9466}.Release|Any CPU.Build.0 = Release|Any CPU
	EndGlobalSection
	GlobalSection(SolutionProperties) = preSolution
		HideSolutionNode = FALSE
	EndGlobalSection
	GlobalSection(NestedProjects) = preSolution
		{1246002E-AC16-4D11-9E89-9429675DC178} = {9E984F4D-C7EA-481D-AADA-8A4CB6B980F1}
		{27E30875-97E1-48B6-91AB-397F80F760AC} = {9E984F4D-C7EA-481D-AADA-8A4CB6B980F1}
		{6E2BC050-410E-45E6-AD0D-1F9C93A9786A} = {9E984F4D-C7EA-481D-AADA-8A4CB6B980F1}
		{03EE70B3-C79F-4BA9-A5D9-E6206BEC7D72} = {1246002E-AC16-4D11-9E89-9429675DC178}
		{4DD5869B-95D7-4F6F-A79E-E79F6AD8847D} = {1246002E-AC16-4D11-9E89-9429675DC178}
		{F8C0B796-E628-4DE7-8A54-E0B0E64297FB} = {27E30875-97E1-48B6-91AB-397F80F760AC}
		{4E0A89C8-1C81-493B-86A9-8F78C01C2A3D} = {6E2BC050-410E-45E6-AD0D-1F9C93A9786A}
		{F9291605-C0CE-4441-8967-2015EA4FA107} = {6B10CC3E-588B-42E8-BA72-2B703D63811B}
		{09B2D68F-4E1A-4859-89E3-75B3BB75C037} = {F9291605-C0CE-4441-8967-2015EA4FA107}
		{66C4164D-F74D-439C-8A59-BA990090B40E} = {6B10CC3E-588B-42E8-BA72-2B703D63811B}
		{85C3C22A-4C61-4EBD-A219-5608E7C36848} = {66C4164D-F74D-439C-8A59-BA990090B40E}
		{2B2E6CE3-D467-4F6A-B19B-03BCD11B0652} = {6B10CC3E-588B-42E8-BA72-2B703D63811B}
		{3F6CF734-F5C2-451C-A32A-08A7E8CD9466} = {2B2E6CE3-D467-4F6A-B19B-03BCD11B0652}
	EndGlobalSection
	GlobalSection(ExtensibilityGlobals) = postSolution
		SolutionGuid = {A17E667D-146F-4104-963F-D59604BCF8B9}
	EndGlobalSection
EndGlobal
